
Microsoft Visual Studio Solution File, Format Version 12.00
# Visual Studio Version 16
VisualStudioVersion = 16.0.31702.278
MinimumVisualStudioVersion = 10.0.40219.1
Project("{FAE04EC0-301F-11D3-BF4B-00C04F79EFBC}") = "Team_Project", "Team_Project\Team_Project.csproj", "{B232EAD7-34AC-44A1-A197-C13D5768A51E}"
EndProject
Global
	GlobalSection(SolutionConfigurationPlatforms) = preSolution
		Debug|Any CPU = Debug|Any CPU
		Release|Any CPU = Release|Any CPU
	EndGlobalSection
	GlobalSection(ProjectConfigurationPlatforms) = postSolution
		{B232EAD7-34AC-44A1-A197-C13D5768A51E}.Debug|Any CPU.ActiveCfg = Debug|Any CPU
		{B232EAD7-34AC-44A1-A197-C13D5768A51E}.Debug|Any CPU.Build.0 = Debug|Any CPU
		{B232EAD7-34AC-44A1-A197-C13D5768A51E}.Release|Any CPU.ActiveCfg = Release|Any CPU
		{B232EAD7-34AC-44A1-A197-C13D5768A51E}.Release|Any CPU.Build.0 = Release|Any CPU
	EndGlobalSection
	GlobalSection(SolutionProperties) = preSolution
		HideSolutionNode = FALSE
	EndGlobalSection
	GlobalSection(ExtensibilityGlobals) = postSolution
		SolutionGuid = {3E19F9B6-8906-4BFD-8EB4-DBBB2A8D3369}
	EndGlobalSection
EndGlobal
